// !$*UTF8*$!
{
	archiveVersion = 1;
	classes = {
	};
	objectVersion = 77;
	objects = {

/* Begin PBXContainerItemProxy section */
		10B60BC42D400CD0007C2131 /* PBXContainerItemProxy */ = {
			isa = PBXContainerItemProxy;
			containerPortal = 10B60BAB2D400CCF007C2131 /* Project object */;
			proxyType = 1;
			remoteGlobalIDString = 10B60BB22D400CCF007C2131;
			remoteInfo = "Sales AiGent";
		};
		10B60BCE2D400CD0007C2131 /* PBXContainerItemProxy */ = {
			isa = PBXContainerItemProxy;
			containerPortal = 10B60BAB2D400CCF007C2131 /* Project object */;
			proxyType = 1;
			remoteGlobalIDString = 10B60BB22D400CCF007C2131;
			remoteInfo = "Sales AiGent";
		};
/* End PBXContainerItemProxy section */

/* Begin PBXFileReference section */
		10B60BB32D400CCF007C2131 /* Sales AiGent.app */ = {isa = PBXFileReference; explicitFileType = wrapper.application; includeInIndex = 0; path = "Sales AiGent.app"; sourceTree = BUILT_PRODUCTS_DIR; };
		10B60BC32D400CD0007C2131 /* Sales AiGentTests.xctest */ = {isa = PBXFileReference; explicitFileType = wrapper.cfbundle; includeInIndex = 0; path = "Sales AiGentTests.xctest"; sourceTree = BUILT_PRODUCTS_DIR; };
		10B60BCD2D400CD0007C2131 /* Sales AiGentUITests.xctest */ = {isa = PBXFileReference; explicitFileType = wrapper.cfbundle; includeInIndex = 0; path = "Sales AiGentUITests.xctest"; sourceTree = BUILT_PRODUCTS_DIR; };
/* End PBXFileReference section */

/* Begin PBXFileSystemSynchronizedRootGroup section */
		10B60BB52D400CCF007C2131 /* Sales AiGent */ = {
			isa = PBXFileSystemSynchronizedRootGroup;
			path = "Sales AiGent";
			sourceTree = "<group>";
		};
		10B60BC62D400CD0007C2131 /* Sales AiGentTests */ = {
			isa = PBXFileSystemSynchronizedRootGroup;
			path = "Sales AiGentTests";
			sourceTree = "<group>";
		};
		10B60BD02D400CD0007C2131 /* Sales AiGentUITests */ = {
			isa = PBXFileSystemSynchronizedRootGroup;
			path = "Sales AiGentUITests";
			sourceTree = "<group>";
		};
/* End PBXFileSystemSynchronizedRootGroup section */

/* Begin PBXFrameworksBuildPhase section */
		10B60BB02D400CCF007C2131 /* Frameworks */ = {
			isa = PBXFrameworksBuildPhase;
			buildActionMask = 2147483647;
			files = (
			);
			runOnlyForDeploymentPostprocessing = 0;
		};
		10B60BC02D400CD0007C2131 /* Frameworks */ = {
			isa = PBXFrameworksBuildPhase;
			buildActionMask = 2147483647;
			files = (
			);
			runOnlyForDeploymentPostprocessing = 0;
		};
		10B60BCA2D400CD0007C2131 /* Frameworks */ = {
			isa = PBXFrameworksBuildPhase;
			buildActionMask = 2147483647;
			files = (
			);
			runOnlyForDeploymentPostprocessing = 0;
		};
/* End PBXFrameworksBuildPhase section */

/* Begin PBXGroup section */
		10B60BAA2D400CCF007C2131 = {
			isa = PBXGroup;
			children = (
				10B60BB52D400CCF007C2131 /* Sales AiGent */,
				10B60BC62D400CD0007C2131 /* Sales AiGentTests */,
				10B60BD02D400CD0007C2131 /* Sales AiGentUITests */,
				10B60BB42D400CCF007C2131 /* Products */,
			);
			sourceTree = "<group>";
		};
		10B60BB42D400CCF007C2131 /* Products */ = {
			isa = PBXGroup;
			children = (
				10B60BB32D400CCF007C2131 /* Sales AiGent.app */,
				10B60BC32D400CD0007C2131 /* Sales AiGentTests.xctest */,
				10B60BCD2D400CD0007C2131 /* Sales AiGentUITests.xctest */,
			);
			name = Products;
			sourceTree = "<group>";
		};
/* End PBXGroup section */

/* Begin PBXNativeTarget section */
		10B60BB22D400CCF007C2131 /* Sales AiGent */ = {
			isa = PBXNativeTarget;
			buildConfigurationList = 10B60BD72D400CD0007C2131 /* Build configuration list for PBXNativeTarget "Sales AiGent" */;
			buildPhases = (
				10B60BAF2D400CCF007C2131 /* Sources */,
				10B60BB02D400CCF007C2131 /* Frameworks */,
				10B60BB12D400CCF007C2131 /* Resources */,
			);
			buildRules = (
			);
			dependencies = (
			);
			fileSystemSynchronizedGroups = (
				10B60BB52D400CCF007C2131 /* Sales AiGent */,
			);
			name = "Sales AiGent";
			packageProductDependencies = (
			);
			productName = "Sales AiGent";
			productReference = 10B60BB32D400CCF007C2131 /* Sales AiGent.app */;
			productType = "com.apple.product-type.application";
		};
		10B60BC22D400CD0007C2131 /* Sales AiGentTests */ = {
			isa = PBXNativeTarget;
			buildConfigurationList = 10B60BDA2D400CD0007C2131 /* Build configuration list for PBXNativeTarget "Sales AiGentTests" */;
			buildPhases = (
				10B60BBF2D400CD0007C2131 /* Sources */,
				10B60BC02D400CD0007C2131 /* Frameworks */,
				10B60BC12D400CD0007C2131 /* Resources */,
			);
			buildRules = (
			);
			dependencies = (
				10B60BC52D400CD0007C2131 /* PBXTargetDependency */,
			);
			fileSystemSynchronizedGroups = (
				10B60BC62D400CD0007C2131 /* Sales AiGentTests */,
			);
			name = "Sales AiGentTests";
			packageProductDependencies = (
			);
			productName = "Sales AiGentTests";
			productReference = 10B60BC32D400CD0007C2131 /* Sales AiGentTests.xctest */;
			productType = "com.apple.product-type.bundle.unit-test";
		};
		10B60BCC2D400CD0007C2131 /* Sales AiGentUITests */ = {
			isa = PBXNativeTarget;
			buildConfigurationList = 10B60BDD2D400CD0007C2131 /* Build configuration list for PBXNativeTarget "Sales AiGentUITests" */;
			buildPhases = (
				10B60BC92D400CD0007C2131 /* Sources */,
				10B60BCA2D400CD0007C2131 /* Frameworks */,
				10B60BCB2D400CD0007C2131 /* Resources */,
			);
			buildRules = (
			);
			dependencies = (
				10B60BCF2D400CD0007C2131 /* PBXTargetDependency */,
			);
			fileSystemSynchronizedGroups = (
				10B60BD02D400CD0007C2131 /* Sales AiGentUITests */,
			);
			name = "Sales AiGentUITests";
			packageProductDependencies = (
			);
			productName = "Sales AiGentUITests";
			productReference = 10B60BCD2D400CD0007C2131 /* Sales AiGentUITests.xctest */;
			productType = "com.apple.product-type.bundle.ui-testing";
		};
/* End PBXNativeTarget section */

/* Begin PBXProject section */
		10B60BAB2D400CCF007C2131 /* Project object */ = {
			isa = PBXProject;
			attributes = {
				BuildIndependentTargetsInParallel = 1;
				LastSwiftUpdateCheck = 1620;
				LastUpgradeCheck = 1620;
				TargetAttributes = {
					10B60BB22D400CCF007C2131 = {
						CreatedOnToolsVersion = 16.2;
					};
					10B60BC22D400CD0007C2131 = {
						CreatedOnToolsVersion = 16.2;
						TestTargetID = 10B60BB22D400CCF007C2131;
					};
					10B60BCC2D400CD0007C2131 = {
						CreatedOnToolsVersion = 16.2;
						TestTargetID = 10B60BB22D400CCF007C2131;
					};
				};
			};
			buildConfigurationList = 10B60BAE2D400CCF007C2131 /* Build configuration list for PBXProject "Sales AiGent" */;
			developmentRegion = en;
			hasScannedForEncodings = 0;
			knownRegions = (
				en,
				Base,
			);
			mainGroup = 10B60BAA2D400CCF007C2131;
			minimizedProjectReferenceProxies = 1;
			packageReferences = (
				10B60BE22D40226F007C2131 /* XCRemoteSwiftPackageReference "Alamofire" */,
			);
			preferredProjectObjectVersion = 77;
			productRefGroup = 10B60BB42D400CCF007C2131 /* Products */;
			projectDirPath = "";
			projectRoot = "";
			targets = (
				10B60BB22D400CCF007C2131 /* Sales AiGent */,
				10B60BC22D400CD0007C2131 /* Sales AiGentTests */,
				10B60BCC2D400CD0007C2131 /* Sales AiGentUITests */,
			);
		};
/* End PBXProject section */

/* Begin PBXResourcesBuildPhase section */
		10B60BB12D400CCF007C2131 /* Resources */ = {
			isa = PBXResourcesBuildPhase;
			buildActionMask = 2147483647;
			files = (
			);
			runOnlyForDeploymentPostprocessing = 0;
		};
		10B60BC12D400CD0007C2131 /* Resources */ = {
			isa = PBXResourcesBuildPhase;
			buildActionMask = 2147483647;
			files = (
			);
			runOnlyForDeploymentPostprocessing = 0;
		};
		10B60BCB2D400CD0007C2131 /* Resources */ = {
			isa = PBXResourcesBuildPhase;
			buildActionMask = 2147483647;
			files = (
			);
			runOnlyForDeploymentPostprocessing = 0;
		};
/* End PBXResourcesBuildPhase section */

/* Begin PBXSourcesBuildPhase section */
		10B60BAF2D400CCF007C2131 /* Sources */ = {
			isa = PBXSourcesBuildPhase;
			buildActionMask = 2147483647;
			files = (
			);
			runOnlyForDeploymentPostprocessing = 0;
		};
		10B60BBF2D400CD0007C2131 /* Sources */ = {
			isa = PBXSourcesBuildPhase;
			buildActionMask = 2147483647;
			files = (
			);
			runOnlyForDeploymentPostprocessing = 0;
		};
		10B60BC92D400CD0007C2131 /* Sources */ = {
			isa = PBXSourcesBuildPhase;
			buildActionMask = 2147483647;
			files = (
			);
			runOnlyForDeploymentPostprocessing = 0;
		};
/* End PBXSourcesBuildPhase section */

/* Begin PBXTargetDependency section */
		10B60BC52D400CD0007C2131 /* PBXTargetDependency */ = {
			isa = PBXTargetDependency;
			target = 10B60BB22D400CCF007C2131 /* Sales AiGent */;
			targetProxy = 10B60BC42D400CD0007C2131 /* PBXContainerItemProxy */;
		};
		10B60BCF2D400CD0007C2131 /* PBXTargetDependency */ = {
			isa = PBXTargetDependency;
			target = 10B60BB22D400CCF007C2131 /* Sales AiGent */;
			targetProxy = 10B60BCE2D400CD0007C2131 /* PBXContainerItemProxy */;
		};
/* End PBXTargetDependency section */

/* Begin XCBuildConfiguration section */
		10B60BD52D400CD0007C2131 /* Debug */ = {
			isa = XCBuildConfiguration;
			buildSettings = {
				ALWAYS_SEARCH_USER_PATHS = NO;
				ASSETCATALOG_COMPILER_GENERATE_SWIFT_ASSET_SYMBOL_EXTENSIONS = YES;
				CLANG_ANALYZER_NONNULL = YES;
				CLANG_ANALYZER_NUMBER_OBJECT_CONVERSION = YES_AGGRESSIVE;
				CLANG_CXX_LANGUAGE_STANDARD = "gnu++20";
				CLANG_ENABLE_MODULES = YES;
				CLANG_ENABLE_OBJC_ARC = YES;
				CLANG_ENABLE_OBJC_WEAK = YES;
				CLANG_WARN_BLOCK_CAPTURE_AUTORELEASING = YES;
				CLANG_WARN_BOOL_CONVERSION = YES;
				CLANG_WARN_COMMA = YES;
				CLANG_WARN_CONSTANT_CONVERSION = YES;
				CLANG_WARN_DEPRECATED_OBJC_IMPLEMENTATIONS = YES;
				CLANG_WARN_DIRECT_OBJC_ISA_USAGE = YES_ERROR;
				CLANG_WARN_DOCUMENTATION_COMMENTS = YES;
				CLANG_WARN_EMPTY_BODY = YES;
				CLANG_WARN_ENUM_CONVERSION = YES;
				CLANG_WARN_INFINITE_RECURSION = YES;
				CLANG_WARN_INT_CONVERSION = YES;
				CLANG_WARN_NON_LITERAL_NULL_CONVERSION = YES;
				CLANG_WARN_OBJC_IMPLICIT_RETAIN_SELF = YES;
				CLANG_WARN_OBJC_LITERAL_CONVERSION = YES;
				CLANG_WARN_OBJC_ROOT_CLASS = YES_ERROR;
				CLANG_WARN_QUOTED_INCLUDE_IN_FRAMEWORK_HEADER = YES;
				CLANG_WARN_RANGE_LOOP_ANALYSIS = YES;
				CLANG_WARN_STRICT_PROTOTYPES = YES;
				CLANG_WARN_SUSPICIOUS_MOVE = YES;
				CLANG_WARN_UNGUARDED_AVAILABILITY = YES_AGGRESSIVE;
				CLANG_WARN_UNREACHABLE_CODE = YES;
				CLANG_WARN__DUPLICATE_METHOD_MATCH = YES;
				COPY_PHASE_STRIP = NO;
				DEBUG_INFORMATION_FORMAT = dwarf;
				ENABLE_STRICT_OBJC_MSGSEND = YES;
				ENABLE_TESTABILITY = YES;
				ENABLE_USER_SCRIPT_SANDBOXING = YES;
				GCC_C_LANGUAGE_STANDARD = gnu17;
				GCC_DYNAMIC_NO_PIC = NO;
				GCC_NO_COMMON_BLOCKS = YES;
				GCC_OPTIMIZATION_LEVEL = 0;
				GCC_PREPROCESSOR_DEFINITIONS = (
					"DEBUG=1",
					"$(inherited)",
				);
				GCC_WARN_64_TO_32_BIT_CONVERSION = YES;
				GCC_WARN_ABOUT_RETURN_TYPE = YES_ERROR;
				GCC_WARN_UNDECLARED_SELECTOR = YES;
				GCC_WARN_UNINITIALIZED_AUTOS = YES_AGGRESSIVE;
				GCC_WARN_UNUSED_FUNCTION = YES;
				GCC_WARN_UNUSED_VARIABLE = YES;
				IPHONEOS_DEPLOYMENT_TARGET = 18.2;
				LOCALIZATION_PREFERS_STRING_CATALOGS = YES;
				MTL_ENABLE_DEBUG_INFO = INCLUDE_SOURCE;
				MTL_FAST_MATH = YES;
				ONLY_ACTIVE_ARCH = YES;
				SDKROOT = iphoneos;
				SWIFT_ACTIVE_COMPILATION_CONDITIONS = "DEBUG $(inherited)";
				SWIFT_OPTIMIZATION_LEVEL = "-Onone";
			};
			name = Debug;
		};
		10B60BD62D400CD0007C2131 /* Release */ = {
			isa = XCBuildConfiguration;
			buildSettings = {
				ALWAYS_SEARCH_USER_PATHS = NO;
				ASSETCATALOG_COMPILER_GENERATE_SWIFT_ASSET_SYMBOL_EXTENSIONS = YES;
				CLANG_ANALYZER_NONNULL = YES;
				CLANG_ANALYZER_NUMBER_OBJECT_CONVERSION = YES_AGGRESSIVE;
				CLANG_CXX_LANGUAGE_STANDARD = "gnu++20";
				CLANG_ENABLE_MODULES = YES;
				CLANG_ENABLE_OBJC_ARC = YES;
				CLANG_ENABLE_OBJC_WEAK = YES;
				CLANG_WARN_BLOCK_CAPTURE_AUTORELEASING = YES;
				CLANG_WARN_BOOL_CONVERSION = YES;
				CLANG_WARN_COMMA = YES;
				CLANG_WARN_CONSTANT_CONVERSION = YES;
				CLANG_WARN_DEPRECATED_OBJC_IMPLEMENTATIONS = YES;
				CLANG_WARN_DIRECT_OBJC_ISA_USAGE = YES_ERROR;
				CLANG_WARN_DOCUMENTATION_COMMENTS = YES;
				CLANG_WARN_EMPTY_BODY = YES;
				CLANG_WARN_ENUM_CONVERSION = YES;
				CLANG_WARN_INFINITE_RECURSION = YES;
				CLANG_WARN_INT_CONVERSION = YES;
				CLANG_WARN_NON_LITERAL_NULL_CONVERSION = YES;
				CLANG_WARN_OBJC_IMPLICIT_RETAIN_SELF = YES;
				CLANG_WARN_OBJC_LITERAL_CONVERSION = YES;
				CLANG_WARN_OBJC_ROOT_CLASS = YES_ERROR;
				CLANG_WARN_QUOTED_INCLUDE_IN_FRAMEWORK_HEADER = YES;
				CLANG_WARN_RANGE_LOOP_ANALYSIS = YES;
				CLANG_WARN_STRICT_PROTOTYPES = YES;
				CLANG_WARN_SUSPICIOUS_MOVE = YES;
				CLANG_WARN_UNGUARDED_AVAILABILITY = YES_AGGRESSIVE;
				CLANG_WARN_UNREACHABLE_CODE = YES;
				CLANG_WARN__DUPLICATE_METHOD_MATCH = YES;
				COPY_PHASE_STRIP = NO;
				DEBUG_INFORMATION_FORMAT = "dwarf-with-dsym";
				ENABLE_NS_ASSERTIONS = NO;
				ENABLE_STRICT_OBJC_MSGSEND = YES;
				ENABLE_USER_SCRIPT_SANDBOXING = YES;
				GCC_C_LANGUAGE_STANDARD = gnu17;
				GCC_NO_COMMON_BLOCKS = YES;
				GCC_WARN_64_TO_32_BIT_CONVERSION = YES;
				GCC_WARN_ABOUT_RETURN_TYPE = YES_ERROR;
				GCC_WARN_UNDECLARED_SELECTOR = YES;
				GCC_WARN_UNINITIALIZED_AUTOS = YES_AGGRESSIVE;
				GCC_WARN_UNUSED_FUNCTION = YES;
				GCC_WARN_UNUSED_VARIABLE = YES;
				IPHONEOS_DEPLOYMENT_TARGET = 18.2;
				LOCALIZATION_PREFERS_STRING_CATALOGS = YES;
				MTL_ENABLE_DEBUG_INFO = NO;
				MTL_FAST_MATH = YES;
				SDKROOT = iphoneos;
				SWIFT_COMPILATION_MODE = wholemodule;
				VALIDATE_PRODUCT = YES;
			};
			name = Release;
		};
		10B60BD82D400CD0007C2131 /* Debug */ = {
			isa = XCBuildConfiguration;
			buildSettings = {
				ASSETCATALOG_COMPILER_APPICON_NAME = AppIcon;
				ASSETCATALOG_COMPILER_GLOBAL_ACCENT_COLOR_NAME = AccentColor;
				CODE_SIGN_STYLE = Automatic;
				CURRENT_PROJECT_VERSION = 1;
				DEVELOPMENT_ASSET_PATHS = "\"Sales AiGent/Preview Content\"";
				DEVELOPMENT_TEAM = S875SYM454;
				ENABLE_PREVIEWS = YES;
				GENERATE_INFOPLIST_FILE = YES;
				INFOPLIST_KEY_NSMicrophoneUsageDescription = "Allow access to the microphone so you can participate in voice chats";
				INFOPLIST_KEY_NSSpeechRecognitionUsageDescription = "This app uses speech recognition to convert your voice into text";
				INFOPLIST_KEY_UIApplicationSceneManifest_Generation = YES;
				INFOPLIST_KEY_UIApplicationSupportsIndirectInputEvents = YES;
				INFOPLIST_KEY_UILaunchScreen_Generation = YES;
				INFOPLIST_KEY_UISupportedInterfaceOrientations_iPad = "UIInterfaceOrientationPortrait UIInterfaceOrientationPortraitUpsideDown UIInterfaceOrientationLandscapeLeft UIInterfaceOrientationLandscapeRight";
				INFOPLIST_KEY_UISupportedInterfaceOrientations_iPhone = "UIInterfaceOrientationPortrait UIInterfaceOrientationLandscapeLeft UIInterfaceOrientationLandscapeRight";
				LD_RUNPATH_SEARCH_PATHS = (
					"$(inherited)",
					"@executable_path/Frameworks",
				);
				MARKETING_VERSION = 1.0;
				PRODUCT_BUNDLE_IDENTIFIER = "com.Sales-AiGent.Sales-AiGent";
				PRODUCT_NAME = "$(TARGET_NAME)";
				SWIFT_EMIT_LOC_STRINGS = YES;
				SWIFT_VERSION = 5.0;
				TARGETED_DEVICE_FAMILY = "1,2";
			};
			name = Debug;
		};
		10B60BD92D400CD0007C2131 /* Release */ = {
			isa = XCBuildConfiguration;
			buildSettings = {
				ASSETCATALOG_COMPILER_APPICON_NAME = AppIcon;
				ASSETCATALOG_COMPILER_GLOBAL_ACCENT_COLOR_NAME = AccentColor;
				CODE_SIGN_STYLE = Automatic;
				CURRENT_PROJECT_VERSION = 1;
				DEVELOPMENT_ASSET_PATHS = "\"Sales AiGent/Preview Content\"";
				DEVELOPMENT_TEAM = S875SYM454;
				ENABLE_PREVIEWS = YES;
				GENERATE_INFOPLIST_FILE = YES;
				INFOPLIST_KEY_NSMicrophoneUsageDescription = "Allow access to the microphone so you can participate in voice chats";
				INFOPLIST_KEY_NSSpeechRecognitionUsageDescription = "This app uses speech recognition to convert your voice into text";
				INFOPLIST_KEY_UIApplicationSceneManifest_Generation = YES;
				INFOPLIST_KEY_UIApplicationSupportsIndirectInputEvents = YES;
				INFOPLIST_KEY_UILaunchScreen_Generation = YES;
				INFOPLIST_KEY_UISupportedInterfaceOrientations_iPad = "UIInterfaceOrientationPortrait UIInterfaceOrientationPortraitUpsideDown UIInterfaceOrientationLandscapeLeft UIInterfaceOrientationLandscapeRight";
				INFOPLIST_KEY_UISupportedInterfaceOrientations_iPhone = "UIInterfaceOrientationPortrait UIInterfaceOrientationLandscapeLeft UIInterfaceOrientationLandscapeRight";
				LD_RUNPATH_SEARCH_PATHS = (
					"$(inherited)",
					"@executable_path/Frameworks",
				);
				MARKETING_VERSION = 1.0;
				PRODUCT_BUNDLE_IDENTIFIER = "com.Sales-AiGent.Sales-AiGent";
				PRODUCT_NAME = "$(TARGET_NAME)";
				SWIFT_EMIT_LOC_STRINGS = YES;
				SWIFT_VERSION = 5.0;
				TARGETED_DEVICE_FAMILY = "1,2";
			};
			name = Release;
		};
		10B60BDB2D400CD0007C2131 /* Debug */ = {
			isa = XCBuildConfiguration;
			buildSettings = {
				BUNDLE_LOADER = "$(TEST_HOST)";
				CODE_SIGN_STYLE = Automatic;
				CURRENT_PROJECT_VERSION = 1;
				DEVELOPMENT_TEAM = S875SYM454;
				GENERATE_INFOPLIST_FILE = YES;
				IPHONEOS_DEPLOYMENT_TARGET = 18.2;
				MARKETING_VERSION = 1.0;
				PRODUCT_BUNDLE_IDENTIFIER = "com.Sales-AiGent.Sales-AiGentTests";
				PRODUCT_NAME = "$(TARGET_NAME)";
				SWIFT_EMIT_LOC_STRINGS = NO;
				SWIFT_VERSION = 5.0;
				TARGETED_DEVICE_FAMILY = "1,2";
				TEST_HOST = "$(BUILT_PRODUCTS_DIR)/Sales AiGent.app/$(BUNDLE_EXECUTABLE_FOLDER_PATH)/Sales AiGent";
			};
			name = Debug;
		};
		10B60BDC2D400CD0007C2131 /* Release */ = {
			isa = XCBuildConfiguration;
			buildSettings = {
				BUNDLE_LOADER = "$(TEST_HOST)";
				CODE_SIGN_STYLE = Automatic;
				CURRENT_PROJECT_VERSION = 1;
				DEVELOPMENT_TEAM = S875SYM454;
				GENERATE_INFOPLIST_FILE = YES;
				IPHONEOS_DEPLOYMENT_TARGET = 18.2;
				MARKETING_VERSION = 1.0;
				PRODUCT_BUNDLE_IDENTIFIER = "com.Sales-AiGent.Sales-AiGentTests";
				PRODUCT_NAME = "$(TARGET_NAME)";
				SWIFT_EMIT_LOC_STRINGS = NO;
				SWIFT_VERSION = 5.0;
				TARGETED_DEVICE_FAMILY = "1,2";
				TEST_HOST = "$(BUILT_PRODUCTS_DIR)/Sales AiGent.app/$(BUNDLE_EXECUTABLE_FOLDER_PATH)/Sales AiGent";
			};
			name = Release;
		};
		10B60BDE2D400CD0007C2131 /* Debug */ = {
			isa = XCBuildConfiguration;
			buildSettings = {
				CODE_SIGN_STYLE = Automatic;
				CURRENT_PROJECT_VERSION = 1;
				DEVELOPMENT_TEAM = S875SYM454;
				GENERATE_INFOPLIST_FILE = YES;
				MARKETING_VERSION = 1.0;
				PRODUCT_BUNDLE_IDENTIFIER = "com.Sales-AiGent.Sales-AiGentUITests";
				PRODUCT_NAME = "$(TARGET_NAME)";
				SWIFT_EMIT_LOC_STRINGS = NO;
				SWIFT_VERSION = 5.0;
				TARGETED_DEVICE_FAMILY = "1,2";
				TEST_TARGET_NAME = "Sales AiGent";
			};
			name = Debug;
		};
		10B60BDF2D400CD0007C2131 /* Release */ = {
			isa = XCBuildConfiguration;
			buildSettings = {
				CODE_SIGN_STYLE = Automatic;
				CURRENT_PROJECT_VERSION = 1;
				DEVELOPMENT_TEAM = S875SYM454;
				GENERATE_INFOPLIST_FILE = YES;
				MARKETING_VERSION = 1.0;
				PRODUCT_BUNDLE_IDENTIFIER = "com.Sales-AiGent.Sales-AiGentUITests";
				PRODUCT_NAME = "$(TARGET_NAME)";
				SWIFT_EMIT_LOC_STRINGS = NO;
				SWIFT_VERSION = 5.0;
				TARGETED_DEVICE_FAMILY = "1,2";
				TEST_TARGET_NAME = "Sales AiGent";
			};
			name = Release;
		};
/* End XCBuildConfiguration section */

/* Begin XCConfigurationList section */
		10B60BAE2D400CCF007C2131 /* Build configuration list for PBXProject "Sales AiGent" */ = {
			isa = XCConfigurationList;
			buildConfigurations = (
				10B60BD52D400CD0007C2131 /* Debug */,
				10B60BD62D400CD0007C2131 /* Release */,
			);
			defaultConfigurationIsVisible = 0;
			defaultConfigurationName = Release;
		};
		10B60BD72D400CD0007C2131 /* Build configuration list for PBXNativeTarget "Sales AiGent" */ = {
			isa = XCConfigurationList;
			buildConfigurations = (
				10B60BD82D400CD0007C2131 /* Debug */,
				10B60BD92D400CD0007C2131 /* Release */,
			);
			defaultConfigurationIsVisible = 0;
			defaultConfigurationName = Release;
		};
		10B60BDA2D400CD0007C2131 /* Build configuration list for PBXNativeTarget "Sales AiGentTests" */ = {
			isa = XCConfigurationList;
			buildConfigurations = (
				10B60BDB2D400CD0007C2131 /* Debug */,
				10B60BDC2D400CD0007C2131 /* Release */,
			);
			defaultConfigurationIsVisible = 0;
			defaultConfigurationName = Release;
		};
		10B60BDD2D400CD0007C2131 /* Build configuration list for PBXNativeTarget "Sales AiGentUITests" */ = {
			isa = XCConfigurationList;
			buildConfigurations = (
				10B60BDE2D400CD0007C2131 /* Debug */,
				10B60BDF2D400CD0007C2131 /* Release */,
			);
			defaultConfigurationIsVisible = 0;
			defaultConfigurationName = Release;
		};
/* End XCConfigurationList section */

/* Begin XCRemoteSwiftPackageReference section */
		10B60BE22D40226F007C2131 /* XCRemoteSwiftPackageReference "Alamofire" */ = {
			isa = XCRemoteSwiftPackageReference;
			repositoryURL = "https://github.com/Alamofire/Alamofire.git";
			requirement = {
				kind = upToNextMajorVersion;
				minimumVersion = 5.10.2;
			};
		};
/* End XCRemoteSwiftPackageReference section */
	};
	rootObject = 10B60BAB2D400CCF007C2131 /* Project object */;
}
